
Microsoft Visual Studio Solution File, Format Version 12.00
# Visual Studio Version 16
VisualStudioVersion = 16.0.33328.57
MinimumVisualStudioVersion = 10.0.40219.1
Project("{FAE04EC0-301F-11D3-BF4B-00C04F79EFBC}") = "Mdavies9_Mission9", "Mdavies9_Mission9\Mdavies9_Mission9.csproj", "{1F5E9577-EE1A-4447-8268-54580FFD45F1}"
EndProject
Global
	GlobalSection(SolutionConfigurationPlatforms) = preSolution
		Debug|Any CPU = Debug|Any CPU
		Release|Any CPU = Release|Any CPU
	EndGlobalSection
	GlobalSection(ProjectConfigurationPlatforms) = postSolution
		{1F5E9577-EE1A-4447-8268-54580FFD45F1}.Debug|Any CPU.ActiveCfg = Debug|Any CPU
		{1F5E9577-EE1A-4447-8268-54580FFD45F1}.Debug|Any CPU.Build.0 = Debug|Any CPU
		{1F5E9577-EE1A-4447-8268-54580FFD45F1}.Release|Any CPU.ActiveCfg = Release|Any CPU
		{1F5E9577-EE1A-4447-8268-54580FFD45F1}.Release|Any CPU.Build.0 = Release|Any CPU
	EndGlobalSection
	GlobalSection(SolutionProperties) = preSolution
		HideSolutionNode = FALSE
	EndGlobalSection
	GlobalSection(ExtensibilityGlobals) = postSolution
		SolutionGuid = {62C44036-A51D-4134-9EE4-96A822E92AE1}
	EndGlobalSection
EndGlobal
